
Microsoft Visual Studio Solution File, Format Version 12.00
# Visual Studio 15
VisualStudioVersion = 15.0.26124.0
MinimumVisualStudioVersion = 15.0.26124.0
Project("{FAE04EC0-301F-11D3-BF4B-00C04F79EFBC}") = "primerParcial", "primerParcial\primerParcial.csproj", "{B9359EE1-165A-4DE8-B40F-AFA707F29778}"
EndProject
Project("{FAE04EC0-301F-11D3-BF4B-00C04F79EFBC}") = "Datos", "Datos\Datos.csproj", "{0CF5C524-F7C0-44CF-9A71-79CD76B7EC9C}"
EndProject
Project("{FAE04EC0-301F-11D3-BF4B-00C04F79EFBC}") = "Logica", "Logica\Logica.csproj", "{5E2EC7D0-2230-409C-8338-9DBDCBF83DE2}"
EndProject
Project("{FAE04EC0-301F-11D3-BF4B-00C04F79EFBC}") = "Entity", "Entity\Entity.csproj", "{0CFEA219-3F21-4811-BD45-E900DDA35FD1}"
EndProject
Global
	GlobalSection(SolutionConfigurationPlatforms) = preSolution
		Debug|Any CPU = Debug|Any CPU
		Debug|x64 = Debug|x64
		Debug|x86 = Debug|x86
		Release|Any CPU = Release|Any CPU
		Release|x64 = Release|x64
		Release|x86 = Release|x86
	EndGlobalSection
	GlobalSection(SolutionProperties) = preSolution
		HideSolutionNode = FALSE
	EndGlobalSection
	GlobalSection(ProjectConfigurationPlatforms) = postSolution
		{B9359EE1-165A-4DE8-B40F-AFA707F29778}.Debug|Any CPU.ActiveCfg = Debug|Any CPU
		{B9359EE1-165A-4DE8-B40F-AFA707F29778}.Debug|Any CPU.Build.0 = Debug|Any CPU
		{B9359EE1-165A-4DE8-B40F-AFA707F29778}.Debug|x64.ActiveCfg = Debug|Any CPU
		{B9359EE1-165A-4DE8-B40F-AFA707F29778}.Debug|x64.Build.0 = Debug|Any CPU
		{B9359EE1-165A-4DE8-B40F-AFA707F29778}.Debug|x86.ActiveCfg = Debug|Any CPU
		{B9359EE1-165A-4DE8-B40F-AFA707F29778}.Debug|x86.Build.0 = Debug|Any CPU
		{B9359EE1-165A-4DE8-B40F-AFA707F29778}.Release|Any CPU.ActiveCfg = Release|Any CPU
		{B9359EE1-165A-4DE8-B40F-AFA707F29778}.Release|Any CPU.Build.0 = Release|Any CPU
		{B9359EE1-165A-4DE8-B40F-AFA707F29778}.Release|x64.ActiveCfg = Release|Any CPU
		{B9359EE1-165A-4DE8-B40F-AFA707F29778}.Release|x64.Build.0 = Release|Any CPU
		{B9359EE1-165A-4DE8-B40F-AFA707F29778}.Release|x86.ActiveCfg = Release|Any CPU
		{B9359EE1-165A-4DE8-B40F-AFA707F29778}.Release|x86.Build.0 = Release|Any CPU
		{0CF5C524-F7C0-44CF-9A71-79CD76B7EC9C}.Debug|Any CPU.ActiveCfg = Debug|Any CPU
		{0CF5C524-F7C0-44CF-9A71-79CD76B7EC9C}.Debug|Any CPU.Build.0 = Debug|Any CPU
		{0CF5C524-F7C0-44CF-9A71-79CD76B7EC9C}.Debug|x64.ActiveCfg = Debug|Any CPU
		{0CF5C524-F7C0-44CF-9A71-79CD76B7EC9C}.Debug|x64.Build.0 = Debug|Any CPU
		{0CF5C524-F7C0-44CF-9A71-79CD76B7EC9C}.Debug|x86.ActiveCfg = Debug|Any CPU
		{0CF5C524-F7C0-44CF-9A71-79CD76B7EC9C}.Debug|x86.Build.0 = Debug|Any CPU
		{0CF5C524-F7C0-44CF-9A71-79CD76B7EC9C}.Release|Any CPU.ActiveCfg = Release|Any CPU
		{0CF5C524-F7C0-44CF-9A71-79CD76B7EC9C}.Release|Any CPU.Build.0 = Release|Any CPU
		{0CF5C524-F7C0-44CF-9A71-79CD76B7EC9C}.Release|x64.ActiveCfg = Release|Any CPU
		{0CF5C524-F7C0-44CF-9A71-79CD76B7EC9C}.Release|x64.Build.0 = Release|Any CPU
		{0CF5C524-F7C0-44CF-9A71-79CD76B7EC9C}.Release|x86.ActiveCfg = Release|Any CPU
		{0CF5C524-F7C0-44CF-9A71-79CD76B7EC9C}.Release|x86.Build.0 = Release|Any CPU
		{5E2EC7D0-2230-409C-8338-9DBDCBF83DE2}.Debug|Any CPU.ActiveCfg = Debug|Any CPU
		{5E2EC7D0-2230-409C-8338-9DBDCBF83DE2}.Debug|Any CPU.Build.0 = Debug|Any CPU
		{5E2EC7D0-2230-409C-8338-9DBDCBF83DE2}.Debug|x64.ActiveCfg = Debug|Any CPU
		{5E2EC7D0-2230-409C-8338-9DBDCBF83DE2}.Debug|x64.Build.0 = Debug|Any CPU
		{5E2EC7D0-2230-409C-8338-9DBDCBF83DE2}.Debug|x86.ActiveCfg = Debug|Any CPU
		{5E2EC7D0-2230-409C-8338-9DBDCBF83DE2}.Debug|x86.Build.0 = Debug|Any CPU
		{5E2EC7D0-2230-409C-8338-9DBDCBF83DE2}.Release|Any CPU.ActiveCfg = Release|Any CPU
		{5E2EC7D0-2230-409C-8338-9DBDCBF83DE2}.Release|Any CPU.Build.0 = Release|Any CPU
		{5E2EC7D0-2230-409C-8338-9DBDCBF83DE2}.Release|x64.ActiveCfg = Release|Any CPU
		{5E2EC7D0-2230-409C-8338-9DBDCBF83DE2}.Release|x64.Build.0 = Release|Any CPU
		{5E2EC7D0-2230-409C-8338-9DBDCBF83DE2}.Release|x86.ActiveCfg = Release|Any CPU
		{5E2EC7D0-2230-409C-8338-9DBDCBF83DE2}.Release|x86.Build.0 = Release|Any CPU
		{0CFEA219-3F21-4811-BD45-E900DDA35FD1}.Debug|Any CPU.ActiveCfg = Debug|Any CPU
		{0CFEA219-3F21-4811-BD45-E900DDA35FD1}.Debug|Any CPU.Build.0 = Debug|Any CPU
		{0CFEA219-3F21-4811-BD45-E900DDA35FD1}.Debug|x64.ActiveCfg = Debug|Any CPU
		{0CFEA219-3F21-4811-BD45-E900DDA35FD1}.Debug|x64.Build.0 = Debug|Any CPU
		{0CFEA219-3F21-4811-BD45-E900DDA35FD1}.Debug|x86.ActiveCfg = Debug|Any CPU
		{0CFEA219-3F21-4811-BD45-E900DDA35FD1}.Debug|x86.Build.0 = Debug|Any CPU
		{0CFEA219-3F21-4811-BD45-E900DDA35FD1}.Release|Any CPU.ActiveCfg = Release|Any CPU
		{0CFEA219-3F21-4811-BD45-E900DDA35FD1}.Release|Any CPU.Build.0 = Release|Any CPU
		{0CFEA219-3F21-4811-BD45-E900DDA35FD1}.Release|x64.ActiveCfg = Release|Any CPU
		{0CFEA219-3F21-4811-BD45-E900DDA35FD1}.Release|x64.Build.0 = Release|Any CPU
		{0CFEA219-3F21-4811-BD45-E900DDA35FD1}.Release|x86.ActiveCfg = Release|Any CPU
		{0CFEA219-3F21-4811-BD45-E900DDA35FD1}.Release|x86.Build.0 = Release|Any CPU
	EndGlobalSection
EndGlobal
